
Microsoft Visual Studio Solution File, Format Version 12.00
Project("{F2A71F9B-5D33-465A-A702-920D77279786}") = "ej1", "ej1\ej1.fsproj", "{D733F107-23E1-4D1E-9E79-0D301DF6B2C3}"
EndProject
Project("{F2A71F9B-5D33-465A-A702-920D77279786}") = "ej2", "ej2\ej2.fsproj", "{BB9ABA8E-B84B-4F13-BDCC-EA1439563DB8}"
EndProject
Project("{F2A71F9B-5D33-465A-A702-920D77279786}") = "ej4", "ej4\ej4.fsproj", "{8D490ABE-300C-4609-A4C6-AEF1C9B6187F}"
EndProject
Project("{F2A71F9B-5D33-465A-A702-920D77279786}") = "ej5", "ej5\ej5.fsproj", "{5202A289-1A6E-48A9-963F-B433F38DF971}"
EndProject
Project("{F2A71F9B-5D33-465A-A702-920D77279786}") = "ej6", "ej6\ej6.fsproj", "{77604B91-1345-4908-99C8-BD4D112C6FE5}"
EndProject
Project("{F2A71F9B-5D33-465A-A702-920D77279786}") = "ej7", "ej7\ej7.fsproj", "{5CCEEC6A-820E-4760-92CD-BD83F1DC50D3}"
EndProject
Project("{F2A71F9B-5D33-465A-A702-920D77279786}") = "ej10", "ej10\ej10.fsproj", "{00A0EBA2-7C91-4754-8138-7935CC5E227E}"
EndProject
Project("{F2A71F9B-5D33-465A-A702-920D77279786}") = "ej11", "ej11\ej11.fsproj", "{060662E1-AA89-4B8F-A24D-1585DFD7C674}"
EndProject
Project("{F2A71F9B-5D33-465A-A702-920D77279786}") = "ej12", "ej12\ej12.fsproj", "{7606F7D2-58D2-4394-AE71-0DD6E648E542}"
EndProject
Project("{F2A71F9B-5D33-465A-A702-920D77279786}") = "ej13", "ej13\ej13.fsproj", "{41002577-0AD7-4C7B-88E2-0B9AC0717E7E}"
EndProject
Project("{F2A71F9B-5D33-465A-A702-920D77279786}") = "ej8", "ej8\ej8.fsproj", "{5E16F07F-63E9-41D7-A40A-4D54FB4F4D94}"
EndProject
Project("{F2A71F9B-5D33-465A-A702-920D77279786}") = "ej9", "ej9\ej9.fsproj", "{9DF89219-4FB5-4E3D-8957-1F3E58BE1184}"
EndProject
Project("{F2A71F9B-5D33-465A-A702-920D77279786}") = "ej3", "ej3\ej3.fsproj", "{FB8CF2E8-AEAD-455D-AD5D-B21D1178C9C8}"
EndProject
Project("{F2A71F9B-5D33-465A-A702-920D77279786}") = "ej15", "ej15\ej15.fsproj", "{3C54AB7E-5113-4629-8C87-25AD6D108701}"
EndProject
Project("{F2A71F9B-5D33-465A-A702-920D77279786}") = "ej16", "ej16\ej16.fsproj", "{C895DE29-FD4B-47E6-98F1-4E196D7B8173}"
EndProject
Project("{F2A71F9B-5D33-465A-A702-920D77279786}") = "ej17", "ej17\ej17.fsproj", "{46D3B89B-AC52-4CA1-9FFD-7C7FD3A2631A}"
EndProject
Global
	GlobalSection(SolutionConfigurationPlatforms) = preSolution
		Debug|Any CPU = Debug|Any CPU
		Release|Any CPU = Release|Any CPU
	EndGlobalSection
	GlobalSection(ProjectConfigurationPlatforms) = postSolution
		{D733F107-23E1-4D1E-9E79-0D301DF6B2C3}.Debug|Any CPU.ActiveCfg = Debug|Any CPU
		{D733F107-23E1-4D1E-9E79-0D301DF6B2C3}.Debug|Any CPU.Build.0 = Debug|Any CPU
		{D733F107-23E1-4D1E-9E79-0D301DF6B2C3}.Release|Any CPU.ActiveCfg = Release|Any CPU
		{D733F107-23E1-4D1E-9E79-0D301DF6B2C3}.Release|Any CPU.Build.0 = Release|Any CPU
		{BB9ABA8E-B84B-4F13-BDCC-EA1439563DB8}.Debug|Any CPU.ActiveCfg = Debug|Any CPU
		{BB9ABA8E-B84B-4F13-BDCC-EA1439563DB8}.Debug|Any CPU.Build.0 = Debug|Any CPU
		{BB9ABA8E-B84B-4F13-BDCC-EA1439563DB8}.Release|Any CPU.ActiveCfg = Release|Any CPU
		{BB9ABA8E-B84B-4F13-BDCC-EA1439563DB8}.Release|Any CPU.Build.0 = Release|Any CPU
		{8D490ABE-300C-4609-A4C6-AEF1C9B6187F}.Debug|Any CPU.ActiveCfg = Debug|Any CPU
		{8D490ABE-300C-4609-A4C6-AEF1C9B6187F}.Debug|Any CPU.Build.0 = Debug|Any CPU
		{8D490ABE-300C-4609-A4C6-AEF1C9B6187F}.Release|Any CPU.ActiveCfg = Release|Any CPU
		{8D490ABE-300C-4609-A4C6-AEF1C9B6187F}.Release|Any CPU.Build.0 = Release|Any CPU
		{5202A289-1A6E-48A9-963F-B433F38DF971}.Debug|Any CPU.ActiveCfg = Debug|Any CPU
		{5202A289-1A6E-48A9-963F-B433F38DF971}.Debug|Any CPU.Build.0 = Debug|Any CPU
		{5202A289-1A6E-48A9-963F-B433F38DF971}.Release|Any CPU.ActiveCfg = Release|Any CPU
		{5202A289-1A6E-48A9-963F-B433F38DF971}.Release|Any CPU.Build.0 = Release|Any CPU
		{77604B91-1345-4908-99C8-BD4D112C6FE5}.Debug|Any CPU.ActiveCfg = Debug|Any CPU
		{77604B91-1345-4908-99C8-BD4D112C6FE5}.Debug|Any CPU.Build.0 = Debug|Any CPU
		{77604B91-1345-4908-99C8-BD4D112C6FE5}.Release|Any CPU.ActiveCfg = Release|Any CPU
		{77604B91-1345-4908-99C8-BD4D112C6FE5}.Release|Any CPU.Build.0 = Release|Any CPU
		{5CCEEC6A-820E-4760-92CD-BD83F1DC50D3}.Debug|Any CPU.ActiveCfg = Debug|Any CPU
		{5CCEEC6A-820E-4760-92CD-BD83F1DC50D3}.Debug|Any CPU.Build.0 = Debug|Any CPU
		{5CCEEC6A-820E-4760-92CD-BD83F1DC50D3}.Release|Any CPU.ActiveCfg = Release|Any CPU
		{5CCEEC6A-820E-4760-92CD-BD83F1DC50D3}.Release|Any CPU.Build.0 = Release|Any CPU
		{00A0EBA2-7C91-4754-8138-7935CC5E227E}.Debug|Any CPU.ActiveCfg = Debug|Any CPU
		{00A0EBA2-7C91-4754-8138-7935CC5E227E}.Debug|Any CPU.Build.0 = Debug|Any CPU
		{00A0EBA2-7C91-4754-8138-7935CC5E227E}.Release|Any CPU.ActiveCfg = Release|Any CPU
		{00A0EBA2-7C91-4754-8138-7935CC5E227E}.Release|Any CPU.Build.0 = Release|Any CPU
		{060662E1-AA89-4B8F-A24D-1585DFD7C674}.Debug|Any CPU.ActiveCfg = Debug|Any CPU
		{060662E1-AA89-4B8F-A24D-1585DFD7C674}.Debug|Any CPU.Build.0 = Debug|Any CPU
		{060662E1-AA89-4B8F-A24D-1585DFD7C674}.Release|Any CPU.ActiveCfg = Release|Any CPU
		{060662E1-AA89-4B8F-A24D-1585DFD7C674}.Release|Any CPU.Build.0 = Release|Any CPU
		{7606F7D2-58D2-4394-AE71-0DD6E648E542}.Debug|Any CPU.ActiveCfg = Debug|Any CPU
		{7606F7D2-58D2-4394-AE71-0DD6E648E542}.Debug|Any CPU.Build.0 = Debug|Any CPU
		{7606F7D2-58D2-4394-AE71-0DD6E648E542}.Release|Any CPU.ActiveCfg = Release|Any CPU
		{7606F7D2-58D2-4394-AE71-0DD6E648E542}.Release|Any CPU.Build.0 = Release|Any CPU
		{41002577-0AD7-4C7B-88E2-0B9AC0717E7E}.Debug|Any CPU.ActiveCfg = Debug|Any CPU
		{41002577-0AD7-4C7B-88E2-0B9AC0717E7E}.Debug|Any CPU.Build.0 = Debug|Any CPU
		{41002577-0AD7-4C7B-88E2-0B9AC0717E7E}.Release|Any CPU.ActiveCfg = Release|Any CPU
		{41002577-0AD7-4C7B-88E2-0B9AC0717E7E}.Release|Any CPU.Build.0 = Release|Any CPU
		{5E16F07F-63E9-41D7-A40A-4D54FB4F4D94}.Debug|Any CPU.ActiveCfg = Debug|Any CPU
		{5E16F07F-63E9-41D7-A40A-4D54FB4F4D94}.Debug|Any CPU.Build.0 = Debug|Any CPU
		{5E16F07F-63E9-41D7-A40A-4D54FB4F4D94}.Release|Any CPU.ActiveCfg = Release|Any CPU
		{5E16F07F-63E9-41D7-A40A-4D54FB4F4D94}.Release|Any CPU.Build.0 = Release|Any CPU
		{9DF89219-4FB5-4E3D-8957-1F3E58BE1184}.Debug|Any CPU.ActiveCfg = Debug|Any CPU
		{9DF89219-4FB5-4E3D-8957-1F3E58BE1184}.Debug|Any CPU.Build.0 = Debug|Any CPU
		{9DF89219-4FB5-4E3D-8957-1F3E58BE1184}.Release|Any CPU.ActiveCfg = Release|Any CPU
		{9DF89219-4FB5-4E3D-8957-1F3E58BE1184}.Release|Any CPU.Build.0 = Release|Any CPU
		{FB8CF2E8-AEAD-455D-AD5D-B21D1178C9C8}.Debug|Any CPU.ActiveCfg = Debug|Any CPU
		{FB8CF2E8-AEAD-455D-AD5D-B21D1178C9C8}.Debug|Any CPU.Build.0 = Debug|Any CPU
		{FB8CF2E8-AEAD-455D-AD5D-B21D1178C9C8}.Release|Any CPU.ActiveCfg = Release|Any CPU
		{FB8CF2E8-AEAD-455D-AD5D-B21D1178C9C8}.Release|Any CPU.Build.0 = Release|Any CPU
		{3C54AB7E-5113-4629-8C87-25AD6D108701}.Debug|Any CPU.ActiveCfg = Debug|Any CPU
		{3C54AB7E-5113-4629-8C87-25AD6D108701}.Debug|Any CPU.Build.0 = Debug|Any CPU
		{3C54AB7E-5113-4629-8C87-25AD6D108701}.Release|Any CPU.ActiveCfg = Release|Any CPU
		{3C54AB7E-5113-4629-8C87-25AD6D108701}.Release|Any CPU.Build.0 = Release|Any CPU
		{C895DE29-FD4B-47E6-98F1-4E196D7B8173}.Debug|Any CPU.ActiveCfg = Debug|Any CPU
		{C895DE29-FD4B-47E6-98F1-4E196D7B8173}.Debug|Any CPU.Build.0 = Debug|Any CPU
		{C895DE29-FD4B-47E6-98F1-4E196D7B8173}.Release|Any CPU.ActiveCfg = Release|Any CPU
		{C895DE29-FD4B-47E6-98F1-4E196D7B8173}.Release|Any CPU.Build.0 = Release|Any CPU
		{46D3B89B-AC52-4CA1-9FFD-7C7FD3A2631A}.Debug|Any CPU.ActiveCfg = Debug|Any CPU
		{46D3B89B-AC52-4CA1-9FFD-7C7FD3A2631A}.Debug|Any CPU.Build.0 = Debug|Any CPU
		{46D3B89B-AC52-4CA1-9FFD-7C7FD3A2631A}.Release|Any CPU.ActiveCfg = Release|Any CPU
		{46D3B89B-AC52-4CA1-9FFD-7C7FD3A2631A}.Release|Any CPU.Build.0 = Release|Any CPU
	EndGlobalSection
EndGlobal
